{
  "name": "tnl",
  "version": "1.0.0",
  "lockfileVersion": 1,
  "requires": true,
  "dependencies": {
    "ammo.js": {
      "version": "0.0.10",
      "resolved": "https://registry.npmjs.org/ammo.js/-/ammo.js-0.0.10.tgz",
      "integrity": "sha1-r9FucYbdPPeEN0Rk86Tljzd3aVA="
    },
    "bit-twiddle": {
      "version": "1.0.2",
      "resolved": "https://registry.npmjs.org/bit-twiddle/-/bit-twiddle-1.0.2.tgz",
      "integrity": "sha1-DGwfq+KyPRcXPZpht7cJPrnhdp4="
    },
    "box-intersect": {
      "version": "1.0.1",
      "resolved": "https://registry.npmjs.org/box-intersect/-/box-intersect-1.0.1.tgz",
      "integrity": "sha1-tyilnj8aPHPCJJM8JmC5J6oTeQI=",
      "requires": {
        "bit-twiddle": "1.0.2",
        "typedarray-pool": "1.1.0"
      }
    },
    "dup": {
      "version": "1.0.0",
      "resolved": "https://registry.npmjs.org/dup/-/dup-1.0.0.tgz",
      "integrity": "sha1-UfxaxoX4GWRp3wuQXpNLIK9bQCk="
    },
    "fs": {
      "version": "0.0.2",
      "resolved": "https://registry.npmjs.org/fs/-/fs-0.0.2.tgz",
      "integrity": "sha1-4fJE7zkzwbKmS9R5kTYGDQ9ZFPg="
    },
    "inherit-class": {
      "version": "1.0.1",
      "resolved": "https://registry.npmjs.org/inherit-class/-/inherit-class-1.0.1.tgz",
      "integrity": "sha1-FCGG4JDbc/S46044nNnxNnG55rY="
    },
    "kd-tree-javascript": {
      "version": "1.0.1",
      "resolved": "https://registry.npmjs.org/kd-tree-javascript/-/kd-tree-javascript-1.0.1.tgz",
      "integrity": "sha1-OthR/YoR14wZOwYnZlSlloUJ0ls="
    },
    "keycodes": {
      "version": "0.2.5",
      "resolved": "https://registry.npmjs.org/keycodes/-/keycodes-0.2.5.tgz",
      "integrity": "sha1-4NE198zbMEHx70PTeR2EwF1qB7o="
    },
    "physijs": {
      "version": "0.0.4",
      "resolved": "https://registry.npmjs.org/physijs/-/physijs-0.0.4.tgz",
      "integrity": "sha1-Zo0MaW3rES4EFcsiyxGlFy/zNDc=",
      "requires": {
        "ammo.js": "0.0.10",
        "fs": "0.0.2"
      }
    },
    "three": {
      "version": "0.87.1",
      "resolved": "https://registry.npmjs.org/three/-/three-0.87.1.tgz",
      "integrity": "sha1-Rmo07cRUNFnO2bnX0na2Uhb+K6g="
    },
    "tinycolor": {
      "version": "0.0.1",
      "resolved": "https://registry.npmjs.org/tinycolor/-/tinycolor-0.0.1.tgz",
      "integrity": "sha1-MgtaUtg6u1l42Bo+iH1K77FaYWQ="
    },
    "tinycolor2": {
      "version": "1.4.1",
      "resolved": "https://registry.npmjs.org/tinycolor2/-/tinycolor2-1.4.1.tgz",
      "integrity": "sha1-9PrTM0R7wLB9TcjpIJ2POaisd+g="
    },
    "typedarray-pool": {
      "version": "1.1.0",
      "resolved": "https://registry.npmjs.org/typedarray-pool/-/typedarray-pool-1.1.0.tgz",
      "integrity": "sha1-0RT0hIAUifU+yrXoCIqiMET0mNk=",
      "requires": {
        "bit-twiddle": "1.0.2",
        "dup": "1.0.0"
      }
    }
  }
}
